{
  "originHash" : "30639493f19ddbf56f32278a828f98568caef35fbf7f79441f50fba5e903b079",
  "pins" : [
    {
      "identity" : "keyboardshortcuts",
      "kind" : "remoteSourceControl",
      "location" : "https://github.com/sindresorhus/KeyboardShortcuts",
      "state" : {
        "revision" : "ac302e21da5883f4bd0490cbd0cb710b08740500",
        "version" : "1.15.0"
      }
    },
    {
      "identity" : "menubarextraaccess",
      "kind" : "remoteSourceControl",
      "location" : "https://github.com/orchetect/MenuBarExtraAccess",
      "state" : {
        "revision" : "33bb0e4b1e407feac791e047dcaaf9c69b25fd26",
        "version" : "1.3.0"
      }
    }
  ],
  "version" : 3
}
